// !$*UTF8*$!
{
	archiveVersion = 1;
	classes = {
	};
	objectVersion = 55;
	objects = {

/* Begin PBXBuildFile section */
		E1C01AFA28A15546004C5582 /* AppDelegate.swift in Sources */ = {isa = PBXBuildFile; fileRef = E1C01AF928A15546004C5582 /* AppDelegate.swift */; };
		E1C01AFC28A15546004C5582 /* ContentView.swift in Sources */ = {isa = PBXBuildFile; fileRef = E1C01AFB28A15546004C5582 /* ContentView.swift */; };
		E1C01AFE28A15546004C5582 /* Experience.rcproject in Sources */ = {isa = PBXBuildFile; fileRef = E1C01AFD28A15546004C5582 /* Experience.rcproject */; };
		E1C01B0028A15549004C5582 /* Assets.xcassets in Resources */ = {isa = PBXBuildFile; fileRef = E1C01AFF28A15549004C5582 /* Assets.xcassets */; };
		E1C01B0328A15549004C5582 /* Preview Assets.xcassets in Resources */ = {isa = PBXBuildFile; fileRef = E1C01B0228A15549004C5582 /* Preview Assets.xcassets */; };
		E1C01B0D28A15549004C5582 /* RealityKitTestTests.swift in Sources */ = {isa = PBXBuildFile; fileRef = E1C01B0C28A15549004C5582 /* RealityKitTestTests.swift */; };
		E1C01B1728A15549004C5582 /* RealityKitTestUITests.swift in Sources */ = {isa = PBXBuildFile; fileRef = E1C01B1628A15549004C5582 /* RealityKitTestUITests.swift */; };
		E1C01B1928A15549004C5582 /* RealityKitTestUITestsLaunchTests.swift in Sources */ = {isa = PBXBuildFile; fileRef = E1C01B1828A15549004C5582 /* RealityKitTestUITestsLaunchTests.swift */; };
/* End PBXBuildFile section */

/* Begin PBXContainerItemProxy section */
		E1C01B0928A15549004C5582 /* PBXContainerItemProxy */ = {
			isa = PBXContainerItemProxy;
			containerPortal = E1C01AEE28A15546004C5582 /* Project object */;
			proxyType = 1;
			remoteGlobalIDString = E1C01AF528A15546004C5582;
			remoteInfo = RealityKitTest;
		};
		E1C01B1328A15549004C5582 /* PBXContainerItemProxy */ = {
			isa = PBXContainerItemProxy;
			containerPortal = E1C01AEE28A15546004C5582 /* Project object */;
			proxyType = 1;
			remoteGlobalIDString = E1C01AF528A15546004C5582;
			remoteInfo = RealityKitTest;
		};
/* End PBXContainerItemProxy section */

/* Begin PBXFileReference section */
		E1C01AF628A15546004C5582 /* RealityKitTest.app */ = {isa = PBXFileReference; explicitFileType = wrapper.application; includeInIndex = 0; path = RealityKitTest.app; sourceTree = BUILT_PRODUCTS_DIR; };
		E1C01AF928A15546004C5582 /* AppDelegate.swift */ = {isa = PBXFileReference; lastKnownFileType = sourcecode.swift; path = AppDelegate.swift; sourceTree = "<group>"; };
		E1C01AFB28A15546004C5582 /* ContentView.swift */ = {isa = PBXFileReference; lastKnownFileType = sourcecode.swift; path = ContentView.swift; sourceTree = "<group>"; };
		E1C01AFD28A15546004C5582 /* Experience.rcproject */ = {isa = PBXFileReference; lastKnownFileType = file.rcproject; path = Experience.rcproject; sourceTree = "<group>"; };
		E1C01AFF28A15549004C5582 /* Assets.xcassets */ = {isa = PBXFileReference; lastKnownFileType = folder.assetcatalog; path = Assets.xcassets; sourceTree = "<group>"; };
		E1C01B0228A15549004C5582 /* Preview Assets.xcassets */ = {isa = PBXFileReference; lastKnownFileType = folder.assetcatalog; path = "Preview Assets.xcassets"; sourceTree = "<group>"; };
		E1C01B0828A15549004C5582 /* RealityKitTestTests.xctest */ = {isa = PBXFileReference; explicitFileType = wrapper.cfbundle; includeInIndex = 0; path = RealityKitTestTests.xctest; sourceTree = BUILT_PRODUCTS_DIR; };
		E1C01B0C28A15549004C5582 /* RealityKitTestTests.swift */ = {isa = PBXFileReference; lastKnownFileType = sourcecode.swift; path = RealityKitTestTests.swift; sourceTree = "<group>"; };
		E1C01B1228A15549004C5582 /* RealityKitTestUITests.xctest */ = {isa = PBXFileReference; explicitFileType = wrapper.cfbundle; includeInIndex = 0; path = RealityKitTestUITests.xctest; sourceTree = BUILT_PRODUCTS_DIR; };
		E1C01B1628A15549004C5582 /* RealityKitTestUITests.swift */ = {isa = PBXFileReference; lastKnownFileType = sourcecode.swift; path = RealityKitTestUITests.swift; sourceTree = "<group>"; };
		E1C01B1828A15549004C5582 /* RealityKitTestUITestsLaunchTests.swift */ = {isa = PBXFileReference; lastKnownFileType = sourcecode.swift; path = RealityKitTestUITestsLaunchTests.swift; sourceTree = "<group>"; };
/* End PBXFileReference section */

/* Begin PBXFrameworksBuildPhase section */
		E1C01AF328A15546004C5582 /* Frameworks */ = {
			isa = PBXFrameworksBuildPhase;
			buildActionMask = 2147483647;
			files = (
			);
			runOnlyForDeploymentPostprocessing = 0;
		};
		E1C01B0528A15549004C5582 /* Frameworks */ = {
			isa = PBXFrameworksBuildPhase;
			buildActionMask = 2147483647;
			files = (
			);
			runOnlyForDeploymentPostprocessing = 0;
		};
		E1C01B0F28A15549004C5582 /* Frameworks */ = {
			isa = PBXFrameworksBuildPhase;
			buildActionMask = 2147483647;
			files = (
			);
			runOnlyForDeploymentPostprocessing = 0;
		};
/* End PBXFrameworksBuildPhase section */

/* Begin PBXGroup section */
		E1C01AED28A15546004C5582 = {
			isa = PBXGroup;
			children = (
				E1C01AF828A15546004C5582 /* RealityKitTest */,
				E1C01B0B28A15549004C5582 /* RealityKitTestTests */,
				E1C01B1528A15549004C5582 /* RealityKitTestUITests */,
				E1C01AF728A15546004C5582 /* Products */,
			);
			sourceTree = "<group>";
		};
		E1C01AF728A15546004C5582 /* Products */ = {
			isa = PBXGroup;
			children = (
				E1C01AF628A15546004C5582 /* RealityKitTest.app */,
				E1C01B0828A15549004C5582 /* RealityKitTestTests.xctest */,
				E1C01B1228A15549004C5582 /* RealityKitTestUITests.xctest */,
			);
			name = Products;
			sourceTree = "<group>";
		};
		E1C01AF828A15546004C5582 /* RealityKitTest */ = {
			isa = PBXGroup;
			children = (
				E1C01AF928A15546004C5582 /* AppDelegate.swift */,
				E1C01AFB28A15546004C5582 /* ContentView.swift */,
				E1C01AFD28A15546004C5582 /* Experience.rcproject */,
				E1C01AFF28A15549004C5582 /* Assets.xcassets */,
				E1C01B0128A15549004C5582 /* Preview Content */,
			);
			path = RealityKitTest;
			sourceTree = "<group>";
		};
		E1C01B0128A15549004C5582 /* Preview Content */ = {
			isa = PBXGroup;
			children = (
				E1C01B0228A15549004C5582 /* Preview Assets.xcassets */,
			);
			path = "Preview Content";
			sourceTree = "<group>";
		};
		E1C01B0B28A15549004C5582 /* RealityKitTestTests */ = {
			isa = PBXGroup;
			children = (
				E1C01B0C28A15549004C5582 /* RealityKitTestTests.swift */,
			);
			path = RealityKitTestTests;
			sourceTree = "<group>";
		};
		E1C01B1528A15549004C5582 /* RealityKitTestUITests */ = {
			isa = PBXGroup;
			children = (
				E1C01B1628A15549004C5582 /* RealityKitTestUITests.swift */,
				E1C01B1828A15549004C5582 /* RealityKitTestUITestsLaunchTests.swift */,
			);
			path = RealityKitTestUITests;
			sourceTree = "<group>";
		};
/* End PBXGroup section */

/* Begin PBXNativeTarget section */
		E1C01AF528A15546004C5582 /* RealityKitTest */ = {
			isa = PBXNativeTarget;
			buildConfigurationList = E1C01B1C28A15549004C5582 /* Build configuration list for PBXNativeTarget "RealityKitTest" */;
			buildPhases = (
				E1C01AF228A15546004C5582 /* Sources */,
				E1C01AF328A15546004C5582 /* Frameworks */,
				E1C01AF428A15546004C5582 /* Resources */,
			);
			buildRules = (
			);
			dependencies = (
			);
			name = RealityKitTest;
			productName = RealityKitTest;
			productReference = E1C01AF628A15546004C5582 /* RealityKitTest.app */;
			productType = "com.apple.product-type.application";
		};
		E1C01B0728A15549004C5582 /* RealityKitTestTests */ = {
			isa = PBXNativeTarget;
			buildConfigurationList = E1C01B1F28A15549004C5582 /* Build configuration list for PBXNativeTarget "RealityKitTestTests" */;
			buildPhases = (
				E1C01B0428A15549004C5582 /* Sources */,
				E1C01B0528A15549004C5582 /* Frameworks */,
				E1C01B0628A15549004C5582 /* Resources */,
			);
			buildRules = (
			);
			dependencies = (
				E1C01B0A28A15549004C5582 /* PBXTargetDependency */,
			);
			name = RealityKitTestTests;
			productName = RealityKitTestTests;
			productReference = E1C01B0828A15549004C5582 /* RealityKitTestTests.xctest */;
			productType = "com.apple.product-type.bundle.unit-test";
		};
		E1C01B1128A15549004C5582 /* RealityKitTestUITests */ = {
			isa = PBXNativeTarget;
			buildConfigurationList = E1C01B2228A15549004C5582 /* Build configuration list for PBXNativeTarget "RealityKitTestUITests" */;
			buildPhases = (
				E1C01B0E28A15549004C5582 /* Sources */,
				E1C01B0F28A15549004C5582 /* Frameworks */,
				E1C01B1028A15549004C5582 /* Resources */,
			);
			buildRules = (
			);
			dependencies = (
				E1C01B1428A15549004C5582 /* PBXTargetDependency */,
			);
			name = RealityKitTestUITests;
			productName = RealityKitTestUITests;
			productReference = E1C01B1228A15549004C5582 /* RealityKitTestUITests.xctest */;
			productType = "com.apple.product-type.bundle.ui-testing";
		};
/* End PBXNativeTarget section */

/* Begin PBXProject section */
		E1C01AEE28A15546004C5582 /* Project object */ = {
			isa = PBXProject;
			attributes = {
				BuildIndependentTargetsInParallel = 1;
				LastSwiftUpdateCheck = 1340;
				LastUpgradeCheck = 1340;
				TargetAttributes = {
					E1C01AF528A15546004C5582 = {
						CreatedOnToolsVersion = 13.4.1;
					};
					E1C01B0728A15549004C5582 = {
						CreatedOnToolsVersion = 13.4.1;
						TestTargetID = E1C01AF528A15546004C5582;
					};
					E1C01B1128A15549004C5582 = {
						CreatedOnToolsVersion = 13.4.1;
						TestTargetID = E1C01AF528A15546004C5582;
					};
				};
			};
			buildConfigurationList = E1C01AF128A15546004C5582 /* Build configuration list for PBXProject "RealityKitTest" */;
			compatibilityVersion = "Xcode 13.0";
			developmentRegion = en;
			hasScannedForEncodings = 0;
			knownRegions = (
				en,
				Base,
			);
			mainGroup = E1C01AED28A15546004C5582;
			productRefGroup = E1C01AF728A15546004C5582 /* Products */;
			projectDirPath = "";
			projectRoot = "";
			targets = (
				E1C01AF528A15546004C5582 /* RealityKitTest */,
				E1C01B0728A15549004C5582 /* RealityKitTestTests */,
				E1C01B1128A15549004C5582 /* RealityKitTestUITests */,
			);
		};
/* End PBXProject section */

/* Begin PBXResourcesBuildPhase section */
		E1C01AF428A15546004C5582 /* Resources */ = {
			isa = PBXResourcesBuildPhase;
			buildActionMask = 2147483647;
			files = (
				E1C01B0328A15549004C5582 /* Preview Assets.xcassets in Resources */,
				E1C01B0028A15549004C5582 /* Assets.xcassets in Resources */,
			);
			runOnlyForDeploymentPostprocessing = 0;
		};
		E1C01B0628A15549004C5582 /* Resources */ = {
			isa = PBXResourcesBuildPhase;
			buildActionMask = 2147483647;
			files = (
			);
			runOnlyForDeploymentPostprocessing = 0;
		};
		E1C01B1028A15549004C5582 /* Resources */ = {
			isa = PBXResourcesBuildPhase;
			buildActionMask = 2147483647;
			files = (
			);
			runOnlyForDeploymentPostprocessing = 0;
		};
/* End PBXResourcesBuildPhase section */

/* Begin PBXSourcesBuildPhase section */
		E1C01AF228A15546004C5582 /* Sources */ = {
			isa = PBXSourcesBuildPhase;
			buildActionMask = 2147483647;
			files = (
				E1C01AFC28A15546004C5582 /* ContentView.swift in Sources */,
				E1C01AFA28A15546004C5582 /* AppDelegate.swift in Sources */,
				E1C01AFE28A15546004C5582 /* Experience.rcproject in Sources */,
			);
			runOnlyForDeploymentPostprocessing = 0;
		};
		E1C01B0428A15549004C5582 /* Sources */ = {
			isa = PBXSourcesBuildPhase;
			buildActionMask = 2147483647;
			files = (
				E1C01B0D28A15549004C5582 /* RealityKitTestTests.swift in Sources */,
			);
			runOnlyForDeploymentPostprocessing = 0;
		};
		E1C01B0E28A15549004C5582 /* Sources */ = {
			isa = PBXSourcesBuildPhase;
			buildActionMask = 2147483647;
			files = (
				E1C01B1928A15549004C5582 /* RealityKitTestUITestsLaunchTests.swift in Sources */,
				E1C01B1728A15549004C5582 /* RealityKitTestUITests.swift in Sources */,
			);
			runOnlyForDeploymentPostprocessing = 0;
		};
/* End PBXSourcesBuildPhase section */

/* Begin PBXTargetDependency section */
		E1C01B0A28A15549004C5582 /* PBXTargetDependency */ = {
			isa = PBXTargetDependency;
			target = E1C01AF528A15546004C5582 /* RealityKitTest */;
			targetProxy = E1C01B0928A15549004C5582 /* PBXContainerItemProxy */;
		};
		E1C01B1428A15549004C5582 /* PBXTargetDependency */ = {
			isa = PBXTargetDependency;
			target = E1C01AF528A15546004C5582 /* RealityKitTest */;
			targetProxy = E1C01B1328A15549004C5582 /* PBXContainerItemProxy */;
		};
/* End PBXTargetDependency section */

/* Begin XCBuildConfiguration section */
		E1C01B1A28A15549004C5582 /* Debug */ = {
			isa = XCBuildConfiguration;
			buildSettings = {
				ALWAYS_SEARCH_USER_PATHS = NO;
				CLANG_ANALYZER_NONNULL = YES;
				CLANG_ANALYZER_NUMBER_OBJECT_CONVERSION = YES_AGGRESSIVE;
				CLANG_CXX_LANGUAGE_STANDARD = "gnu++17";
				CLANG_ENABLE_MODULES = YES;
				CLANG_ENABLE_OBJC_ARC = YES;
				CLANG_ENABLE_OBJC_WEAK = YES;
				CLANG_WARN_BLOCK_CAPTURE_AUTORELEASING = YES;
				CLANG_WARN_BOOL_CONVERSION = YES;
				CLANG_WARN_COMMA = YES;
				CLANG_WARN_CONSTANT_CONVERSION = YES;
				CLANG_WARN_DEPRECATED_OBJC_IMPLEMENTATIONS = YES;
				CLANG_WARN_DIRECT_OBJC_ISA_USAGE = YES_ERROR;
				CLANG_WARN_DOCUMENTATION_COMMENTS = YES;
				CLANG_WARN_EMPTY_BODY = YES;
				CLANG_WARN_ENUM_CONVERSION = YES;
				CLANG_WARN_INFINITE_RECURSION = YES;
				CLANG_WARN_INT_CONVERSION = YES;
				CLANG_WARN_NON_LITERAL_NULL_CONVERSION = YES;
				CLANG_WARN_OBJC_IMPLICIT_RETAIN_SELF = YES;
				CLANG_WARN_OBJC_LITERAL_CONVERSION = YES;
				CLANG_WARN_OBJC_ROOT_CLASS = YES_ERROR;
				CLANG_WARN_QUOTED_INCLUDE_IN_FRAMEWORK_HEADER = YES;
				CLANG_WARN_RANGE_LOOP_ANALYSIS = YES;
				CLANG_WARN_STRICT_PROTOTYPES = YES;
				CLANG_WARN_SUSPICIOUS_MOVE = YES;
				CLANG_WARN_UNGUARDED_AVAILABILITY = YES_AGGRESSIVE;
				CLANG_WARN_UNREACHABLE_CODE = YES;
				CLANG_WARN__DUPLICATE_METHOD_MATCH = YES;
				COPY_PHASE_STRIP = NO;
				DEBUG_INFORMATION_FORMAT = dwarf;
				ENABLE_STRICT_OBJC_MSGSEND = YES;
				ENABLE_TESTABILITY = YES;
				GCC_C_LANGUAGE_STANDARD = gnu11;
				GCC_DYNAMIC_NO_PIC = NO;
				GCC_NO_COMMON_BLOCKS = YES;
				GCC_OPTIMIZATION_LEVEL = 0;
				GCC_PREPROCESSOR_DEFINITIONS = (
					"DEBUG=1",
					"$(inherited)",
				);
				GCC_WARN_64_TO_32_BIT_CONVERSION = YES;
				GCC_WARN_ABOUT_RETURN_TYPE = YES_ERROR;
				GCC_WARN_UNDECLARED_SELECTOR = YES;
				GCC_WARN_UNINITIALIZED_AUTOS = YES_AGGRESSIVE;
				GCC_WARN_UNUSED_FUNCTION = YES;
				GCC_WARN_UNUSED_VARIABLE = YES;
				IPHONEOS_DEPLOYMENT_TARGET = 15.5;
				MTL_ENABLE_DEBUG_INFO = INCLUDE_SOURCE;
				MTL_FAST_MATH = YES;
				ONLY_ACTIVE_ARCH = YES;
				SDKROOT = iphoneos;
				SWIFT_ACTIVE_COMPILATION_CONDITIONS = DEBUG;
				SWIFT_OPTIMIZATION_LEVEL = "-Onone";
			};
			name = Debug;
		};
		E1C01B1B28A15549004C5582 /* Release */ = {
			isa = XCBuildConfiguration;
			buildSettings = {
				ALWAYS_SEARCH_USER_PATHS = NO;
				CLANG_ANALYZER_NONNULL = YES;
				CLANG_ANALYZER_NUMBER_OBJECT_CONVERSION = YES_AGGRESSIVE;
				CLANG_CXX_LANGUAGE_STANDARD = "gnu++17";
				CLANG_ENABLE_MODULES = YES;
				CLANG_ENABLE_OBJC_ARC = YES;
				CLANG_ENABLE_OBJC_WEAK = YES;
				CLANG_WARN_BLOCK_CAPTURE_AUTORELEASING = YES;
				CLANG_WARN_BOOL_CONVERSION = YES;
				CLANG_WARN_COMMA = YES;
				CLANG_WARN_CONSTANT_CONVERSION = YES;
				CLANG_WARN_DEPRECATED_OBJC_IMPLEMENTATIONS = YES;
				CLANG_WARN_DIRECT_OBJC_ISA_USAGE = YES_ERROR;
				CLANG_WARN_DOCUMENTATION_COMMENTS = YES;
				CLANG_WARN_EMPTY_BODY = YES;
				CLANG_WARN_ENUM_CONVERSION = YES;
				CLANG_WARN_INFINITE_RECURSION = YES;
				CLANG_WARN_INT_CONVERSION = YES;
				CLANG_WARN_NON_LITERAL_NULL_CONVERSION = YES;
				CLANG_WARN_OBJC_IMPLICIT_RETAIN_SELF = YES;
				CLANG_WARN_OBJC_LITERAL_CONVERSION = YES;
				CLANG_WARN_OBJC_ROOT_CLASS = YES_ERROR;
				CLANG_WARN_QUOTED_INCLUDE_IN_FRAMEWORK_HEADER = YES;
				CLANG_WARN_RANGE_LOOP_ANALYSIS = YES;
				CLANG_WARN_STRICT_PROTOTYPES = YES;
				CLANG_WARN_SUSPICIOUS_MOVE = YES;
				CLANG_WARN_UNGUARDED_AVAILABILITY = YES_AGGRESSIVE;
				CLANG_WARN_UNREACHABLE_CODE = YES;
				CLANG_WARN__DUPLICATE_METHOD_MATCH = YES;
				COPY_PHASE_STRIP = NO;
				DEBUG_INFORMATION_FORMAT = "dwarf-with-dsym";
				ENABLE_NS_ASSERTIONS = NO;
				ENABLE_STRICT_OBJC_MSGSEND = YES;
				GCC_C_LANGUAGE_STANDARD = gnu11;
				GCC_NO_COMMON_BLOCKS = YES;
				GCC_WARN_64_TO_32_BIT_CONVERSION = YES;
				GCC_WARN_ABOUT_RETURN_TYPE = YES_ERROR;
				GCC_WARN_UNDECLARED_SELECTOR = YES;
				GCC_WARN_UNINITIALIZED_AUTOS = YES_AGGRESSIVE;
				GCC_WARN_UNUSED_FUNCTION = YES;
				GCC_WARN_UNUSED_VARIABLE = YES;
				IPHONEOS_DEPLOYMENT_TARGET = 15.5;
				MTL_ENABLE_DEBUG_INFO = NO;
				MTL_FAST_MATH = YES;
				SDKROOT = iphoneos;
				SWIFT_COMPILATION_MODE = wholemodule;
				SWIFT_OPTIMIZATION_LEVEL = "-O";
				VALIDATE_PRODUCT = YES;
			};
			name = Release;
		};
		E1C01B1D28A15549004C5582 /* Debug */ = {
			isa = XCBuildConfiguration;
			buildSettings = {
				ASSETCATALOG_COMPILER_APPICON_NAME = AppIcon;
				ASSETCATALOG_COMPILER_GLOBAL_ACCENT_COLOR_NAME = AccentColor;
				CODE_SIGN_STYLE = Automatic;
				CURRENT_PROJECT_VERSION = 1;
				DEVELOPMENT_ASSET_PATHS = "\"RealityKitTest/Preview Content\"";
				DEVELOPMENT_TEAM = 5Q9399ZKMY;
				ENABLE_PREVIEWS = YES;
				GENERATE_INFOPLIST_FILE = YES;
				INFOPLIST_KEY_NSCameraUsageDescription = "";
				INFOPLIST_KEY_UIApplicationSupportsIndirectInputEvents = YES;
				INFOPLIST_KEY_UILaunchScreen_Generation = YES;
				INFOPLIST_KEY_UIRequiredDeviceCapabilities = arkit;
				INFOPLIST_KEY_UIStatusBarHidden = YES;
				INFOPLIST_KEY_UISupportedInterfaceOrientations_iPad = "UIInterfaceOrientationPortrait UIInterfaceOrientationPortraitUpsideDown UIInterfaceOrientationLandscapeLeft UIInterfaceOrientationLandscapeRight";
				INFOPLIST_KEY_UISupportedInterfaceOrientations_iPhone = "UIInterfaceOrientationPortrait UIInterfaceOrientationLandscapeLeft UIInterfaceOrientationLandscapeRight";
				LD_RUNPATH_SEARCH_PATHS = (
					"$(inherited)",
					"@executable_path/Frameworks",
				);
				MARKETING_VERSION = 1.0;
				PRODUCT_BUNDLE_IDENTIFIER = raven.RealityKitTest;
				PRODUCT_NAME = "$(TARGET_NAME)";
				SWIFT_EMIT_LOC_STRINGS = YES;
				SWIFT_VERSION = 5.0;
				TARGETED_DEVICE_FAMILY = "1,2";
			};
			name = Debug;
		};
		E1C01B1E28A15549004C5582 /* Release */ = {
			isa = XCBuildConfiguration;
			buildSettings = {
				ASSETCATALOG_COMPILER_APPICON_NAME = AppIcon;
				ASSETCATALOG_COMPILER_GLOBAL_ACCENT_COLOR_NAME = AccentColor;
				CODE_SIGN_STYLE = Automatic;
				CURRENT_PROJECT_VERSION = 1;
				DEVELOPMENT_ASSET_PATHS = "\"RealityKitTest/Preview Content\"";
				DEVELOPMENT_TEAM = 5Q9399ZKMY;
				ENABLE_PREVIEWS = YES;
				GENERATE_INFOPLIST_FILE = YES;
				INFOPLIST_KEY_NSCameraUsageDescription = "";
				INFOPLIST_KEY_UIApplicationSupportsIndirectInputEvents = YES;
				INFOPLIST_KEY_UILaunchScreen_Generation = YES;
				INFOPLIST_KEY_UIRequiredDeviceCapabilities = arkit;
				INFOPLIST_KEY_UIStatusBarHidden = YES;
				INFOPLIST_KEY_UISupportedInterfaceOrientations_iPad = "UIInterfaceOrientationPortrait UIInterfaceOrientationPortraitUpsideDown UIInterfaceOrientationLandscapeLeft UIInterfaceOrientationLandscapeRight";
				INFOPLIST_KEY_UISupportedInterfaceOrientations_iPhone = "UIInterfaceOrientationPortrait UIInterfaceOrientationLandscapeLeft UIInterfaceOrientationLandscapeRight";
				LD_RUNPATH_SEARCH_PATHS = (
					"$(inherited)",
					"@executable_path/Frameworks",
				);
				MARKETING_VERSION = 1.0;
				PRODUCT_BUNDLE_IDENTIFIER = raven.RealityKitTest;
				PRODUCT_NAME = "$(TARGET_NAME)";
				SWIFT_EMIT_LOC_STRINGS = YES;
				SWIFT_VERSION = 5.0;
				TARGETED_DEVICE_FAMILY = "1,2";
			};
			name = Release;
		};
		E1C01B2028A15549004C5582 /* Debug */ = {
			isa = XCBuildConfiguration;
			buildSettings = {
				ALWAYS_EMBED_SWIFT_STANDARD_LIBRARIES = YES;
				BUNDLE_LOADER = "$(TEST_HOST)";
				CODE_SIGN_STYLE = Automatic;
				CURRENT_PROJECT_VERSION = 1;
				DEVELOPMENT_TEAM = 5Q9399ZKMY;
				GENERATE_INFOPLIST_FILE = YES;
				IPHONEOS_DEPLOYMENT_TARGET = 15.5;
				MARKETING_VERSION = 1.0;
				PRODUCT_BUNDLE_IDENTIFIER = raven.RealityKitTestTests;
				PRODUCT_NAME = "$(TARGET_NAME)";
				SWIFT_EMIT_LOC_STRINGS = NO;
				SWIFT_VERSION = 5.0;
				TARGETED_DEVICE_FAMILY = "1,2";
				TEST_HOST = "$(BUILT_PRODUCTS_DIR)/RealityKitTest.app/RealityKitTest";
			};
			name = Debug;
		};
		E1C01B2128A15549004C5582 /* Release */ = {
			isa = XCBuildConfiguration;
			buildSettings = {
				ALWAYS_EMBED_SWIFT_STANDARD_LIBRARIES = YES;
				BUNDLE_LOADER = "$(TEST_HOST)";
				CODE_SIGN_STYLE = Automatic;
				CURRENT_PROJECT_VERSION = 1;
				DEVELOPMENT_TEAM = 5Q9399ZKMY;
				GENERATE_INFOPLIST_FILE = YES;
				IPHONEOS_DEPLOYMENT_TARGET = 15.5;
				MARKETING_VERSION = 1.0;
				PRODUCT_BUNDLE_IDENTIFIER = raven.RealityKitTestTests;
				PRODUCT_NAME = "$(TARGET_NAME)";
				SWIFT_EMIT_LOC_STRINGS = NO;
				SWIFT_VERSION = 5.0;
				TARGETED_DEVICE_FAMILY = "1,2";
				TEST_HOST = "$(BUILT_PRODUCTS_DIR)/RealityKitTest.app/RealityKitTest";
			};
			name = Release;
		};
		E1C01B2328A15549004C5582 /* Debug */ = {
			isa = XCBuildConfiguration;
			buildSettings = {
				ALWAYS_EMBED_SWIFT_STANDARD_LIBRARIES = YES;
				CODE_SIGN_STYLE = Automatic;
				CURRENT_PROJECT_VERSION = 1;
				DEVELOPMENT_TEAM = 5Q9399ZKMY;
				GENERATE_INFOPLIST_FILE = YES;
				MARKETING_VERSION = 1.0;
				PRODUCT_BUNDLE_IDENTIFIER = raven.RealityKitTestUITests;
				PRODUCT_NAME = "$(TARGET_NAME)";
				SWIFT_EMIT_LOC_STRINGS = NO;
				SWIFT_VERSION = 5.0;
				TARGETED_DEVICE_FAMILY = "1,2";
				TEST_TARGET_NAME = RealityKitTest;
			};
			name = Debug;
		};
		E1C01B2428A15549004C5582 /* Release */ = {
			isa = XCBuildConfiguration;
			buildSettings = {
				ALWAYS_EMBED_SWIFT_STANDARD_LIBRARIES = YES;
				CODE_SIGN_STYLE = Automatic;
				CURRENT_PROJECT_VERSION = 1;
				DEVELOPMENT_TEAM = 5Q9399ZKMY;
				GENERATE_INFOPLIST_FILE = YES;
				MARKETING_VERSION = 1.0;
				PRODUCT_BUNDLE_IDENTIFIER = raven.RealityKitTestUITests;
				PRODUCT_NAME = "$(TARGET_NAME)";
				SWIFT_EMIT_LOC_STRINGS = NO;
				SWIFT_VERSION = 5.0;
				TARGETED_DEVICE_FAMILY = "1,2";
				TEST_TARGET_NAME = RealityKitTest;
			};
			name = Release;
		};
/* End XCBuildConfiguration section */

/* Begin XCConfigurationList section */
		E1C01AF128A15546004C5582 /* Build configuration list for PBXProject "RealityKitTest" */ = {
			isa = XCConfigurationList;
			buildConfigurations = (
				E1C01B1A28A15549004C5582 /* Debug */,
				E1C01B1B28A15549004C5582 /* Release */,
			);
			defaultConfigurationIsVisible = 0;
			defaultConfigurationName = Release;
		};
		E1C01B1C28A15549004C5582 /* Build configuration list for PBXNativeTarget "RealityKitTest" */ = {
			isa = XCConfigurationList;
			buildConfigurations = (
				E1C01B1D28A15549004C5582 /* Debug */,
				E1C01B1E28A15549004C5582 /* Release */,
			);
			defaultConfigurationIsVisible = 0;
			defaultConfigurationName = Release;
		};
		E1C01B1F28A15549004C5582 /* Build configuration list for PBXNativeTarget "RealityKitTestTests" */ = {
			isa = XCConfigurationList;
			buildConfigurations = (
				E1C01B2028A15549004C5582 /* Debug */,
				E1C01B2128A15549004C5582 /* Release */,
			);
			defaultConfigurationIsVisible = 0;
			defaultConfigurationName = Release;
		};
		E1C01B2228A15549004C5582 /* Build configuration list for PBXNativeTarget "RealityKitTestUITests" */ = {
			isa = XCConfigurationList;
			buildConfigurations = (
				E1C01B2328A15549004C5582 /* Debug */,
				E1C01B2428A15549004C5582 /* Release */,
			);
			defaultConfigurationIsVisible = 0;
			defaultConfigurationName = Release;
		};
/* End XCConfigurationList section */
	};
	rootObject = E1C01AEE28A15546004C5582 /* Project object */;
}
